
Microsoft Visual Studio Solution File, Format Version 12.00
# Visual Studio Version 17
VisualStudioVersion = 17.5.002.0
MinimumVisualStudioVersion = 10.0.40219.1
Project("{9A19103F-16F7-4668-BE54-9A1E7A4F7556}") = "api_dt_money", "api_dt_money.csproj", "{F760D120-353C-4C40-8C32-0DA82D76BC67}"
EndProject
Global
	GlobalSection(SolutionConfigurationPlatforms) = preSolution
		Debug|Any CPU = Debug|Any CPU
		Release|Any CPU = Release|Any CPU
	EndGlobalSection
	GlobalSection(ProjectConfigurationPlatforms) = postSolution
		{F760D120-353C-4C40-8C32-0DA82D76BC67}.Debug|Any CPU.ActiveCfg = Debug|Any CPU
		{F760D120-353C-4C40-8C32-0DA82D76BC67}.Debug|Any CPU.Build.0 = Debug|Any CPU
		{F760D120-353C-4C40-8C32-0DA82D76BC67}.Release|Any CPU.ActiveCfg = Release|Any CPU
		{F760D120-353C-4C40-8C32-0DA82D76BC67}.Release|Any CPU.Build.0 = Release|Any CPU
	EndGlobalSection
	GlobalSection(SolutionProperties) = preSolution
		HideSolutionNode = FALSE
	EndGlobalSection
	GlobalSection(ExtensibilityGlobals) = postSolution
		SolutionGuid = {240F27BE-8B3B-49DE-A468-4DDE9DD4669B}
	EndGlobalSection
EndGlobal
